size: 54

Items:

  terre:
    material: GRASS
    name: "&aBlock d'herbe"
    slot: 0
    buy: 50.0
    sell: 1.0
    dynamique:
      max_prix: 5000
      min_prix: 1

  cobblestone:
    material: COBBLESTONE
    name: "&fPierre"
    slot: 1
    buy: 25.0
    sell: 1.0
    dynamique:
      max_prix: 10000
      min_prix: 1